
Microsoft Visual Studio Solution File, Format Version 12.00
# Visual Studio 2012
Project("{FAE04EC0-301F-11D3-BF4B-00C04F79EFBC}") = "OtherPayments", "OtherPayments\OtherPayments.csproj", "{DA916668-4494-464D-950A-E52943B83A73}"
EndProject
Project("{FAE04EC0-301F-11D3-BF4B-00C04F79EFBC}") = "Patholab_DAL_V1", "..\Patholab_DAL_V1\Patholab_DAL_V1\Patholab_DAL_V1.csproj", "{654B85EA-0ADD-42AD-AA0A-FAE4CB001F97}"
EndProject
Project("{FAE04EC0-301F-11D3-BF4B-00C04F79EFBC}") = "test", "test\test.csproj", "{E013FC9D-DFCD-43F5-B5C0-76F673F8A3B5}"
EndProject
Global
	GlobalSection(SolutionConfigurationPlatforms) = preSolution
		Debug|Any CPU = Debug|Any CPU
		Release|Any CPU = Release|Any CPU
	EndGlobalSection
	GlobalSection(ProjectConfigurationPlatforms) = postSolution
		{DA916668-4494-464D-950A-E52943B83A73}.Debug|Any CPU.ActiveCfg = Debug|Any CPU
		{DA916668-4494-464D-950A-E52943B83A73}.Debug|Any CPU.Build.0 = Debug|Any CPU
		{DA916668-4494-464D-950A-E52943B83A73}.Release|Any CPU.ActiveCfg = Release|Any CPU
		{DA916668-4494-464D-950A-E52943B83A73}.Release|Any CPU.Build.0 = Release|Any CPU
		{654B85EA-0ADD-42AD-AA0A-FAE4CB001F97}.Debug|Any CPU.ActiveCfg = Debug|Any CPU
		{654B85EA-0ADD-42AD-AA0A-FAE4CB001F97}.Debug|Any CPU.Build.0 = Debug|Any CPU
		{654B85EA-0ADD-42AD-AA0A-FAE4CB001F97}.Release|Any CPU.ActiveCfg = Release|Any CPU
		{654B85EA-0ADD-42AD-AA0A-FAE4CB001F97}.Release|Any CPU.Build.0 = Release|Any CPU
		{E013FC9D-DFCD-43F5-B5C0-76F673F8A3B5}.Debug|Any CPU.ActiveCfg = Debug|Any CPU
		{E013FC9D-DFCD-43F5-B5C0-76F673F8A3B5}.Debug|Any CPU.Build.0 = Debug|Any CPU
		{E013FC9D-DFCD-43F5-B5C0-76F673F8A3B5}.Release|Any CPU.ActiveCfg = Release|Any CPU
		{E013FC9D-DFCD-43F5-B5C0-76F673F8A3B5}.Release|Any CPU.Build.0 = Release|Any CPU
	EndGlobalSection
	GlobalSection(SolutionProperties) = preSolution
		HideSolutionNode = FALSE
	EndGlobalSection
EndGlobal
